
Microsoft Visual Studio Solution File, Format Version 12.00
# Visual Studio Version 16
VisualStudioVersion = 16.0.30011.22
MinimumVisualStudioVersion = 10.0.40219.1
Project("{9A19103F-16F7-4668-BE54-9A1E7A4F7556}") = "iFlex-Bot.Bot", "iFlex-Bot.Bot\iFlex-Bot.Bot.csproj", "{E5195AEF-002D-4660-9155-F02180C04209}"
EndProject
Project("{FAE04EC0-301F-11D3-BF4B-00C04F79EFBC}") = "iFlex-Bot.Data", "iFlex-Bot.Data\iFlex-Bot.Data.csproj", "{B97C547C-C4DD-4C92-AE91-3CEA992EB94F}"
EndProject
Global
	GlobalSection(SolutionConfigurationPlatforms) = preSolution
		Debug|Any CPU = Debug|Any CPU
		Release|Any CPU = Release|Any CPU
	EndGlobalSection
	GlobalSection(ProjectConfigurationPlatforms) = postSolution
		{E5195AEF-002D-4660-9155-F02180C04209}.Debug|Any CPU.ActiveCfg = Debug|Any CPU
		{E5195AEF-002D-4660-9155-F02180C04209}.Debug|Any CPU.Build.0 = Debug|Any CPU
		{E5195AEF-002D-4660-9155-F02180C04209}.Release|Any CPU.ActiveCfg = Release|Any CPU
		{E5195AEF-002D-4660-9155-F02180C04209}.Release|Any CPU.Build.0 = Release|Any CPU
		{B97C547C-C4DD-4C92-AE91-3CEA992EB94F}.Debug|Any CPU.ActiveCfg = Debug|Any CPU
		{B97C547C-C4DD-4C92-AE91-3CEA992EB94F}.Debug|Any CPU.Build.0 = Debug|Any CPU
		{B97C547C-C4DD-4C92-AE91-3CEA992EB94F}.Release|Any CPU.ActiveCfg = Release|Any CPU
		{B97C547C-C4DD-4C92-AE91-3CEA992EB94F}.Release|Any CPU.Build.0 = Release|Any CPU
	EndGlobalSection
	GlobalSection(SolutionProperties) = preSolution
		HideSolutionNode = FALSE
	EndGlobalSection
	GlobalSection(ExtensibilityGlobals) = postSolution
		SolutionGuid = {C232880A-E34A-4620-9235-3F5708241BD0}
	EndGlobalSection
EndGlobal
